{
  "name": "SteamRomManagerUserConfigParser",
  "lockfileVersion": 2,
  "requires": true,
  "packages": {
    "": {
      "dependencies": {
        "fuse.js": "^6.6.2",
        "yaml": "^2.3.1"
      }
    },
    "node_modules/fuse.js": {
      "version": "6.6.2",
      "resolved": "https://registry.npmjs.org/fuse.js/-/fuse.js-6.6.2.tgz",
      "integrity": "sha512-cJaJkxCCxC8qIIcPBF9yGxY0W/tVZS3uEISDxhYIdtk8OL93pe+6Zj7LjCqVV4dzbqcriOZ+kQ/NE4RXZHsIGA==",
      "engines": {
        "node": ">=10"
      }
    },
    "node_modules/yaml": {
      "version": "2.3.1",
      "resolved": "https://registry.npmjs.org/yaml/-/yaml-2.3.1.tgz",
      "integrity": "sha512-2eHWfjaoXgTBC2jNM1LRef62VQa0umtvRiDSk6HSzW7RvS5YtkabJrwYLLEKWBc8a5U2PTSCs+dJjUTJdlHsWQ==",
      "engines": {
        "node": ">= 14"
      }
    }
  },
  "dependencies": {
    "fuse.js": {
      "version": "6.6.2",
      "resolved": "https://registry.npmjs.org/fuse.js/-/fuse.js-6.6.2.tgz",
      "integrity": "sha512-cJaJkxCCxC8qIIcPBF9yGxY0W/tVZS3uEISDxhYIdtk8OL93pe+6Zj7LjCqVV4dzbqcriOZ+kQ/NE4RXZHsIGA=="
    },
    "yaml": {
      "version": "2.3.1",
      "resolved": "https://registry.npmjs.org/yaml/-/yaml-2.3.1.tgz",
      "integrity": "sha512-2eHWfjaoXgTBC2jNM1LRef62VQa0umtvRiDSk6HSzW7RvS5YtkabJrwYLLEKWBc8a5U2PTSCs+dJjUTJdlHsWQ=="
    }
  }
}
